
Microsoft Visual Studio Solution File, Format Version 12.00
# Visual Studio Version 17
VisualStudioVersion = 17.0.32112.339
MinimumVisualStudioVersion = 10.0.40219.1
Project("{FAE04EC0-301F-11D3-BF4B-00C04F79EFBC}") = "A3- StringInterp", "A3- StringInterp.csproj", "{0AEFD7A9-65F6-4741-837C-549E769C930F}"
EndProject
Global
	GlobalSection(SolutionConfigurationPlatforms) = preSolution
		Debug|Any CPU = Debug|Any CPU
		Release|Any CPU = Release|Any CPU
	EndGlobalSection
	GlobalSection(ProjectConfigurationPlatforms) = postSolution
		{0AEFD7A9-65F6-4741-837C-549E769C930F}.Debug|Any CPU.ActiveCfg = Debug|Any CPU
		{0AEFD7A9-65F6-4741-837C-549E769C930F}.Debug|Any CPU.Build.0 = Debug|Any CPU
		{0AEFD7A9-65F6-4741-837C-549E769C930F}.Release|Any CPU.ActiveCfg = Release|Any CPU
		{0AEFD7A9-65F6-4741-837C-549E769C930F}.Release|Any CPU.Build.0 = Release|Any CPU
	EndGlobalSection
	GlobalSection(SolutionProperties) = preSolution
		HideSolutionNode = FALSE
	EndGlobalSection
	GlobalSection(ExtensibilityGlobals) = postSolution
		SolutionGuid = {5B349026-B0F0-4607-9FE9-EF9DE7AACD56}
	EndGlobalSection
EndGlobal
